
Microsoft Visual Studio Solution File, Format Version 12.00
# Visual Studio Version 16
VisualStudioVersion = 16.0.30804.86
MinimumVisualStudioVersion = 10.0.40219.1
Project("{2150E333-8FDC-42A3-9474-1A3956D46DE8}") = "src", "src", "{827E0CD3-B72D-47B6-A68D-7590B98EB39B}"
EndProject
Project("{FAE04EC0-301F-11D3-BF4B-00C04F79EFBC}") = "InceptionTools", "src\InceptionTools\InceptionTools.csproj", "{CF85F54B-33E4-4767-92AF-E064009F5FA5}"
EndProject
Project("{FAE04EC0-301F-11D3-BF4B-00C04F79EFBC}") = "RevengeTools", "src\RevengeTools\RevengeTools.csproj", "{A6354221-703A-4299-8145-23570312B423}"
EndProject
Project("{2150E333-8FDC-42A3-9474-1A3956D46DE8}") = "tests", "tests", "{0AB3BF05-4346-4AA6-1389-037BE0695223}"
EndProject
Project("{FAE04EC0-301F-11D3-BF4B-00C04F79EFBC}") = "InceptionTools.Verification", "tests\InceptionTools.Verification\InceptionTools.Verification.csproj", "{E6C28DA6-0F16-46D3-A73B-AF7F740984AF}"
EndProject
Project("{FAE04EC0-301F-11D3-BF4B-00C04F79EFBC}") = "RevengeTools.Verification", "tests\RevengeTools.Verification\RevengeTools.Verification.csproj", "{076A4085-A09C-43FC-95AD-6256F97D0D03}"
EndProject
Global
	GlobalSection(SolutionConfigurationPlatforms) = preSolution
		Debug|Any CPU = Debug|Any CPU
		Debug|x64 = Debug|x64
		Debug|x86 = Debug|x86
		Release|Any CPU = Release|Any CPU
		Release|x64 = Release|x64
		Release|x86 = Release|x86
	EndGlobalSection
	GlobalSection(ProjectConfigurationPlatforms) = postSolution
		{CF85F54B-33E4-4767-92AF-E064009F5FA5}.Debug|Any CPU.ActiveCfg = Debug|Any CPU
		{CF85F54B-33E4-4767-92AF-E064009F5FA5}.Debug|Any CPU.Build.0 = Debug|Any CPU
		{CF85F54B-33E4-4767-92AF-E064009F5FA5}.Debug|x64.ActiveCfg = Debug|x64
		{CF85F54B-33E4-4767-92AF-E064009F5FA5}.Debug|x64.Build.0 = Debug|x64
		{CF85F54B-33E4-4767-92AF-E064009F5FA5}.Debug|x86.ActiveCfg = Debug|x86
		{CF85F54B-33E4-4767-92AF-E064009F5FA5}.Debug|x86.Build.0 = Debug|x86
		{CF85F54B-33E4-4767-92AF-E064009F5FA5}.Release|Any CPU.ActiveCfg = Release|Any CPU
		{CF85F54B-33E4-4767-92AF-E064009F5FA5}.Release|Any CPU.Build.0 = Release|Any CPU
		{CF85F54B-33E4-4767-92AF-E064009F5FA5}.Release|x64.ActiveCfg = Release|x64
		{CF85F54B-33E4-4767-92AF-E064009F5FA5}.Release|x64.Build.0 = Release|x64
		{CF85F54B-33E4-4767-92AF-E064009F5FA5}.Release|x86.ActiveCfg = Release|x86
		{CF85F54B-33E4-4767-92AF-E064009F5FA5}.Release|x86.Build.0 = Release|x86
		{A6354221-703A-4299-8145-23570312B423}.Debug|Any CPU.ActiveCfg = Debug|Any CPU
		{A6354221-703A-4299-8145-23570312B423}.Debug|Any CPU.Build.0 = Debug|Any CPU
		{A6354221-703A-4299-8145-23570312B423}.Debug|x64.ActiveCfg = Debug|Any CPU
		{A6354221-703A-4299-8145-23570312B423}.Debug|x64.Build.0 = Debug|Any CPU
		{A6354221-703A-4299-8145-23570312B423}.Debug|x86.ActiveCfg = Debug|Any CPU
		{A6354221-703A-4299-8145-23570312B423}.Debug|x86.Build.0 = Debug|Any CPU
		{A6354221-703A-4299-8145-23570312B423}.Release|Any CPU.ActiveCfg = Release|Any CPU
		{A6354221-703A-4299-8145-23570312B423}.Release|Any CPU.Build.0 = Release|Any CPU
		{A6354221-703A-4299-8145-23570312B423}.Release|x64.ActiveCfg = Release|Any CPU
		{A6354221-703A-4299-8145-23570312B423}.Release|x64.Build.0 = Release|Any CPU
		{A6354221-703A-4299-8145-23570312B423}.Release|x86.ActiveCfg = Release|Any CPU
		{A6354221-703A-4299-8145-23570312B423}.Release|x86.Build.0 = Release|Any CPU
		{E6C28DA6-0F16-46D3-A73B-AF7F740984AF}.Debug|Any CPU.ActiveCfg = Debug|Any CPU
		{E6C28DA6-0F16-46D3-A73B-AF7F740984AF}.Debug|Any CPU.Build.0 = Debug|Any CPU
		{E6C28DA6-0F16-46D3-A73B-AF7F740984AF}.Debug|x64.ActiveCfg = Debug|Any CPU
		{E6C28DA6-0F16-46D3-A73B-AF7F740984AF}.Debug|x64.Build.0 = Debug|Any CPU
		{E6C28DA6-0F16-46D3-A73B-AF7F740984AF}.Debug|x86.ActiveCfg = Debug|Any CPU
		{E6C28DA6-0F16-46D3-A73B-AF7F740984AF}.Debug|x86.Build.0 = Debug|Any CPU
		{E6C28DA6-0F16-46D3-A73B-AF7F740984AF}.Release|Any CPU.ActiveCfg = Release|Any CPU
		{E6C28DA6-0F16-46D3-A73B-AF7F740984AF}.Release|Any CPU.Build.0 = Release|Any CPU
		{E6C28DA6-0F16-46D3-A73B-AF7F740984AF}.Release|x64.ActiveCfg = Release|Any CPU
		{E6C28DA6-0F16-46D3-A73B-AF7F740984AF}.Release|x64.Build.0 = Release|Any CPU
		{E6C28DA6-0F16-46D3-A73B-AF7F740984AF}.Release|x86.ActiveCfg = Release|Any CPU
		{E6C28DA6-0F16-46D3-A73B-AF7F740984AF}.Release|x86.Build.0 = Release|Any CPU
		{076A4085-A09C-43FC-95AD-6256F97D0D03}.Debug|Any CPU.ActiveCfg = Debug|Any CPU
		{076A4085-A09C-43FC-95AD-6256F97D0D03}.Debug|Any CPU.Build.0 = Debug|Any CPU
		{076A4085-A09C-43FC-95AD-6256F97D0D03}.Debug|x64.ActiveCfg = Debug|Any CPU
		{076A4085-A09C-43FC-95AD-6256F97D0D03}.Debug|x64.Build.0 = Debug|Any CPU
		{076A4085-A09C-43FC-95AD-6256F97D0D03}.Debug|x86.ActiveCfg = Debug|Any CPU
		{076A4085-A09C-43FC-95AD-6256F97D0D03}.Debug|x86.Build.0 = Debug|Any CPU
		{076A4085-A09C-43FC-95AD-6256F97D0D03}.Release|Any CPU.ActiveCfg = Release|Any CPU
		{076A4085-A09C-43FC-95AD-6256F97D0D03}.Release|Any CPU.Build.0 = Release|Any CPU
		{076A4085-A09C-43FC-95AD-6256F97D0D03}.Release|x64.ActiveCfg = Release|Any CPU
		{076A4085-A09C-43FC-95AD-6256F97D0D03}.Release|x64.Build.0 = Release|Any CPU
		{076A4085-A09C-43FC-95AD-6256F97D0D03}.Release|x86.ActiveCfg = Release|Any CPU
		{076A4085-A09C-43FC-95AD-6256F97D0D03}.Release|x86.Build.0 = Release|Any CPU
	EndGlobalSection
	GlobalSection(SolutionProperties) = preSolution
		HideSolutionNode = FALSE
	EndGlobalSection
	GlobalSection(NestedProjects) = preSolution
		{CF85F54B-33E4-4767-92AF-E064009F5FA5} = {827E0CD3-B72D-47B6-A68D-7590B98EB39B}
		{A6354221-703A-4299-8145-23570312B423} = {827E0CD3-B72D-47B6-A68D-7590B98EB39B}
		{E6C28DA6-0F16-46D3-A73B-AF7F740984AF} = {0AB3BF05-4346-4AA6-1389-037BE0695223}
		{076A4085-A09C-43FC-95AD-6256F97D0D03} = {0AB3BF05-4346-4AA6-1389-037BE0695223}
	EndGlobalSection
	GlobalSection(ExtensibilityGlobals) = postSolution
		SolutionGuid = {9B5DE8D7-15BD-4D00-B5B0-1C3F8BEAA2C2}
	EndGlobalSection
EndGlobal
